
Microsoft Visual Studio Solution File, Format Version 12.00
# Visual Studio 15
VisualStudioVersion = 15.0.28307.1321
MinimumVisualStudioVersion = 10.0.40219.1
Project("{FAE04EC0-301F-11D3-BF4B-00C04F79EFBC}") = "WebFormProjectWithWebAPI", "WebFormProjectWithWebAPI\WebFormProjectWithWebAPI.csproj", "{2BCF7440-6765-4F00-AD6C-C26C06ABAF24}"
EndProject
Global
	GlobalSection(SolutionConfigurationPlatforms) = preSolution
		Debug|Any CPU = Debug|Any CPU
		Release|Any CPU = Release|Any CPU
	EndGlobalSection
	GlobalSection(ProjectConfigurationPlatforms) = postSolution
		{2BCF7440-6765-4F00-AD6C-C26C06ABAF24}.Debug|Any CPU.ActiveCfg = Debug|Any CPU
		{2BCF7440-6765-4F00-AD6C-C26C06ABAF24}.Debug|Any CPU.Build.0 = Debug|Any CPU
		{2BCF7440-6765-4F00-AD6C-C26C06ABAF24}.Release|Any CPU.ActiveCfg = Release|Any CPU
		{2BCF7440-6765-4F00-AD6C-C26C06ABAF24}.Release|Any CPU.Build.0 = Release|Any CPU
	EndGlobalSection
	GlobalSection(SolutionProperties) = preSolution
		HideSolutionNode = FALSE
	EndGlobalSection
	GlobalSection(ExtensibilityGlobals) = postSolution
		SolutionGuid = {1D7386A8-966A-48D4-B61A-C1116940BA6E}
	EndGlobalSection
EndGlobal
